
Microsoft Visual Studio Solution File, Format Version 12.00
# Visual Studio Version 16
VisualStudioVersion = 16.0.30907.101
MinimumVisualStudioVersion = 10.0.40219.1
Project("{FAE04EC0-301F-11D3-BF4B-00C04F79EFBC}") = "Fouzia", "Fouzia\Fouzia.csproj", "{0EF9EE64-5892-4E34-9460-DB772C26DBCD}"
EndProject
Global
	GlobalSection(SolutionConfigurationPlatforms) = preSolution
		Debug|Any CPU = Debug|Any CPU
		Release|Any CPU = Release|Any CPU
	EndGlobalSection
	GlobalSection(ProjectConfigurationPlatforms) = postSolution
		{0EF9EE64-5892-4E34-9460-DB772C26DBCD}.Debug|Any CPU.ActiveCfg = Debug|Any CPU
		{0EF9EE64-5892-4E34-9460-DB772C26DBCD}.Debug|Any CPU.Build.0 = Debug|Any CPU
		{0EF9EE64-5892-4E34-9460-DB772C26DBCD}.Release|Any CPU.ActiveCfg = Release|Any CPU
		{0EF9EE64-5892-4E34-9460-DB772C26DBCD}.Release|Any CPU.Build.0 = Release|Any CPU
	EndGlobalSection
	GlobalSection(SolutionProperties) = preSolution
		HideSolutionNode = FALSE
	EndGlobalSection
	GlobalSection(ExtensibilityGlobals) = postSolution
		SolutionGuid = {5014EE17-9767-4080-AD88-51DFAC8D5D84}
	EndGlobalSection
EndGlobal
